
Microsoft Visual Studio Solution File, Format Version 12.00
# Visual Studio Version 17
VisualStudioVersion = 17.14.36203.30 d17.14
MinimumVisualStudioVersion = 10.0.40219.1
Project("{FAE04EC0-301F-11D3-BF4B-00C04F79EFBC}") = "CountSpace", "CountSpace\CountSpace.csproj", "{E3361DF4-55AC-4D51-97E9-6FA313B2CD6F}"
EndProject
Global
	GlobalSection(SolutionConfigurationPlatforms) = preSolution
		Debug|Any CPU = Debug|Any CPU
		Release|Any CPU = Release|Any CPU
	EndGlobalSection
	GlobalSection(ProjectConfigurationPlatforms) = postSolution
		{E3361DF4-55AC-4D51-97E9-6FA313B2CD6F}.Debug|Any CPU.ActiveCfg = Debug|Any CPU
		{E3361DF4-55AC-4D51-97E9-6FA313B2CD6F}.Debug|Any CPU.Build.0 = Debug|Any CPU
		{E3361DF4-55AC-4D51-97E9-6FA313B2CD6F}.Release|Any CPU.ActiveCfg = Release|Any CPU
		{E3361DF4-55AC-4D51-97E9-6FA313B2CD6F}.Release|Any CPU.Build.0 = Release|Any CPU
	EndGlobalSection
	GlobalSection(SolutionProperties) = preSolution
		HideSolutionNode = FALSE
	EndGlobalSection
	GlobalSection(ExtensibilityGlobals) = postSolution
		SolutionGuid = {F7DFA2BC-5DD4-4BC3-B3F3-F817FD0BA11D}
	EndGlobalSection
EndGlobal
